
Microsoft Visual Studio Solution File, Format Version 12.00
# Visual Studio Version 17
VisualStudioVersion = 17.10.34916.146
MinimumVisualStudioVersion = 10.0.40219.1
Project("{FAE04EC0-301F-11D3-BF4B-00C04F79EFBC}") = "getMessage", "getMessage.csproj", "{17A61F04-574B-4EB1-AAB3-506028508286}"
EndProject
Global
	GlobalSection(SolutionConfigurationPlatforms) = preSolution
		Debug|Any CPU = Debug|Any CPU
		Release|Any CPU = Release|Any CPU
	EndGlobalSection
	GlobalSection(ProjectConfigurationPlatforms) = postSolution
		{17A61F04-574B-4EB1-AAB3-506028508286}.Debug|Any CPU.ActiveCfg = Debug|Any CPU
		{17A61F04-574B-4EB1-AAB3-506028508286}.Debug|Any CPU.Build.0 = Debug|Any CPU
		{17A61F04-574B-4EB1-AAB3-506028508286}.Release|Any CPU.ActiveCfg = Release|Any CPU
		{17A61F04-574B-4EB1-AAB3-506028508286}.Release|Any CPU.Build.0 = Release|Any CPU
	EndGlobalSection
	GlobalSection(SolutionProperties) = preSolution
		HideSolutionNode = FALSE
	EndGlobalSection
	GlobalSection(ExtensibilityGlobals) = postSolution
		SolutionGuid = {A0644FE0-01EB-40B7-95FD-D5EC0FCBAC94}
	EndGlobalSection
EndGlobal
